
Microsoft Visual Studio Solution File, Format Version 12.00
# Visual Studio 2012
Project("{FAE04EC0-301F-11D3-BF4B-00C04F79EFBC}") = "ContactsList.iOS", "ContactsList.iOS\ContactsList.iOS.csproj", "{83180839-18C9-487C-8D8D-949B04806FF7}"
EndProject
Project("{FAE04EC0-301F-11D3-BF4B-00C04F79EFBC}") = "ContactsList.Core", "ContactsList.Core\ContactsList.Core.csproj", "{6FF42C27-B56C-4EEE-85F0-1845797EC7AF}"
EndProject
Global
	GlobalSection(SolutionConfigurationPlatforms) = preSolution
		Debug|x86 = Debug|x86
		Release|x86 = Release|x86
		Debug|iPhoneSimulator = Debug|iPhoneSimulator
		Release|iPhone = Release|iPhone
		Release|iPhoneSimulator = Release|iPhoneSimulator
		Debug|iPhone = Debug|iPhone
	EndGlobalSection
	GlobalSection(ProjectConfigurationPlatforms) = postSolution
		{83180839-18C9-487C-8D8D-949B04806FF7}.Debug|x86.ActiveCfg = Debug|iPhoneSimulator
		{83180839-18C9-487C-8D8D-949B04806FF7}.Debug|x86.Build.0 = Debug|iPhoneSimulator
		{83180839-18C9-487C-8D8D-949B04806FF7}.Release|x86.ActiveCfg = Release|iPhone
		{83180839-18C9-487C-8D8D-949B04806FF7}.Release|x86.Build.0 = Release|iPhone
		{83180839-18C9-487C-8D8D-949B04806FF7}.Debug|iPhoneSimulator.ActiveCfg = Debug|iPhoneSimulator
		{83180839-18C9-487C-8D8D-949B04806FF7}.Debug|iPhoneSimulator.Build.0 = Debug|iPhoneSimulator
		{83180839-18C9-487C-8D8D-949B04806FF7}.Release|iPhone.ActiveCfg = Release|iPhone
		{83180839-18C9-487C-8D8D-949B04806FF7}.Release|iPhone.Build.0 = Release|iPhone
		{83180839-18C9-487C-8D8D-949B04806FF7}.Release|iPhoneSimulator.ActiveCfg = Release|iPhoneSimulator
		{83180839-18C9-487C-8D8D-949B04806FF7}.Release|iPhoneSimulator.Build.0 = Release|iPhoneSimulator
		{83180839-18C9-487C-8D8D-949B04806FF7}.Debug|iPhone.ActiveCfg = Debug|iPhone
		{83180839-18C9-487C-8D8D-949B04806FF7}.Debug|iPhone.Build.0 = Debug|iPhone
		{6FF42C27-B56C-4EEE-85F0-1845797EC7AF}.Debug|x86.ActiveCfg = Debug|Any CPU
		{6FF42C27-B56C-4EEE-85F0-1845797EC7AF}.Debug|x86.Build.0 = Debug|Any CPU
		{6FF42C27-B56C-4EEE-85F0-1845797EC7AF}.Release|x86.ActiveCfg = Release|Any CPU
		{6FF42C27-B56C-4EEE-85F0-1845797EC7AF}.Release|x86.Build.0 = Release|Any CPU
		{6FF42C27-B56C-4EEE-85F0-1845797EC7AF}.Debug|iPhoneSimulator.ActiveCfg = Debug|Any CPU
		{6FF42C27-B56C-4EEE-85F0-1845797EC7AF}.Debug|iPhoneSimulator.Build.0 = Debug|Any CPU
		{6FF42C27-B56C-4EEE-85F0-1845797EC7AF}.Release|iPhone.ActiveCfg = Release|Any CPU
		{6FF42C27-B56C-4EEE-85F0-1845797EC7AF}.Release|iPhone.Build.0 = Release|Any CPU
		{6FF42C27-B56C-4EEE-85F0-1845797EC7AF}.Release|iPhoneSimulator.ActiveCfg = Release|Any CPU
		{6FF42C27-B56C-4EEE-85F0-1845797EC7AF}.Release|iPhoneSimulator.Build.0 = Release|Any CPU
		{6FF42C27-B56C-4EEE-85F0-1845797EC7AF}.Debug|iPhone.ActiveCfg = Debug|Any CPU
		{6FF42C27-B56C-4EEE-85F0-1845797EC7AF}.Debug|iPhone.Build.0 = Debug|Any CPU
	EndGlobalSection
EndGlobal
